
Microsoft Visual Studio Solution File, Format Version 12.00
# Visual Studio 15
VisualStudioVersion = 15.0.26124.0
MinimumVisualStudioVersion = 15.0.26124.0
Project("{FAE04EC0-301F-11D3-BF4B-00C04F79EFBC}") = "Ackerman", "Ackerman\Ackerman.csproj", "{A155C9D7-ECAA-42FF-A066-3C496BAF9742}"
EndProject
Project("{FAE04EC0-301F-11D3-BF4B-00C04F79EFBC}") = "Ackerman.Test", "Ackerman.Test\Ackerman.Test.csproj", "{72117576-51C0-46F8-A5D1-DCDC24FCA4DF}"
EndProject
Project("{FAE04EC0-301F-11D3-BF4B-00C04F79EFBC}") = "AlgorithmRunner", "AlgorithmRunner\AlgorithmRunner.csproj", "{41A71B3A-8C16-4C8D-A67C-2682D1DD081E}"
EndProject
Project("{FAE04EC0-301F-11D3-BF4B-00C04F79EFBC}") = "Fibonacci", "Fibonacci\Fibonacci.csproj", "{F9D20129-5221-4E01-8459-1763F87C6E09}"
EndProject
Project("{FAE04EC0-301F-11D3-BF4B-00C04F79EFBC}") = "Fibonacci.Test", "Fibonacci.Test\Fibonacci.Test.csproj", "{E3E65521-76CE-4012-A964-D4FE464BAAE4}"
EndProject
Project("{FAE04EC0-301F-11D3-BF4B-00C04F79EFBC}") = "SortAlgorithms", "SortAlgorithms\SortAlgorithms.csproj", "{1464B810-BE28-446F-8B23-5BAC27CD9EEA}"
EndProject
Project("{FAE04EC0-301F-11D3-BF4B-00C04F79EFBC}") = "SortAlgorithms.Test", "SortAlgorithms.Test\SortAlgorithms.Test.csproj", "{2DF6F663-9812-4D88-B554-6BCD5E2960D4}"
EndProject
Project("{FAE04EC0-301F-11D3-BF4B-00C04F79EFBC}") = "FareySequence", "FareySequence\FareySequence.csproj", "{F2D54E87-52F8-4F03-BB82-71EF1098CBF4}"
EndProject
Project("{FAE04EC0-301F-11D3-BF4B-00C04F79EFBC}") = "FareySequence.Test", "FareySequence.Test\FareySequence.Test.csproj", "{D58CC77D-1CF2-4AA0-A88D-5CF0B55D9BF3}"
EndProject
Project("{FAE04EC0-301F-11D3-BF4B-00C04F79EFBC}") = "PrimeNumbers", "PrimeNumbers\PrimeNumbers.csproj", "{1231E284-42AE-404F-B51E-5048184F17C8}"
EndProject
Project("{FAE04EC0-301F-11D3-BF4B-00C04F79EFBC}") = "PrimeNumbers.Test", "PrimeNumbers.Test\PrimeNumbers.Test.csproj", "{52651004-9297-4B86-ADD1-6E4E856CC394}"
EndProject
Global
	GlobalSection(SolutionConfigurationPlatforms) = preSolution
		Debug|Any CPU = Debug|Any CPU
		Debug|x64 = Debug|x64
		Debug|x86 = Debug|x86
		Release|Any CPU = Release|Any CPU
		Release|x64 = Release|x64
		Release|x86 = Release|x86
	EndGlobalSection
	GlobalSection(SolutionProperties) = preSolution
		HideSolutionNode = FALSE
	EndGlobalSection
	GlobalSection(ProjectConfigurationPlatforms) = postSolution
		{A155C9D7-ECAA-42FF-A066-3C496BAF9742}.Debug|Any CPU.ActiveCfg = Debug|Any CPU
		{A155C9D7-ECAA-42FF-A066-3C496BAF9742}.Debug|Any CPU.Build.0 = Debug|Any CPU
		{A155C9D7-ECAA-42FF-A066-3C496BAF9742}.Debug|x64.ActiveCfg = Debug|Any CPU
		{A155C9D7-ECAA-42FF-A066-3C496BAF9742}.Debug|x64.Build.0 = Debug|Any CPU
		{A155C9D7-ECAA-42FF-A066-3C496BAF9742}.Debug|x86.ActiveCfg = Debug|Any CPU
		{A155C9D7-ECAA-42FF-A066-3C496BAF9742}.Debug|x86.Build.0 = Debug|Any CPU
		{A155C9D7-ECAA-42FF-A066-3C496BAF9742}.Release|Any CPU.ActiveCfg = Release|Any CPU
		{A155C9D7-ECAA-42FF-A066-3C496BAF9742}.Release|Any CPU.Build.0 = Release|Any CPU
		{A155C9D7-ECAA-42FF-A066-3C496BAF9742}.Release|x64.ActiveCfg = Release|Any CPU
		{A155C9D7-ECAA-42FF-A066-3C496BAF9742}.Release|x64.Build.0 = Release|Any CPU
		{A155C9D7-ECAA-42FF-A066-3C496BAF9742}.Release|x86.ActiveCfg = Release|Any CPU
		{A155C9D7-ECAA-42FF-A066-3C496BAF9742}.Release|x86.Build.0 = Release|Any CPU
		{72117576-51C0-46F8-A5D1-DCDC24FCA4DF}.Debug|Any CPU.ActiveCfg = Debug|Any CPU
		{72117576-51C0-46F8-A5D1-DCDC24FCA4DF}.Debug|Any CPU.Build.0 = Debug|Any CPU
		{72117576-51C0-46F8-A5D1-DCDC24FCA4DF}.Debug|x64.ActiveCfg = Debug|Any CPU
		{72117576-51C0-46F8-A5D1-DCDC24FCA4DF}.Debug|x64.Build.0 = Debug|Any CPU
		{72117576-51C0-46F8-A5D1-DCDC24FCA4DF}.Debug|x86.ActiveCfg = Debug|Any CPU
		{72117576-51C0-46F8-A5D1-DCDC24FCA4DF}.Debug|x86.Build.0 = Debug|Any CPU
		{72117576-51C0-46F8-A5D1-DCDC24FCA4DF}.Release|Any CPU.ActiveCfg = Release|Any CPU
		{72117576-51C0-46F8-A5D1-DCDC24FCA4DF}.Release|Any CPU.Build.0 = Release|Any CPU
		{72117576-51C0-46F8-A5D1-DCDC24FCA4DF}.Release|x64.ActiveCfg = Release|Any CPU
		{72117576-51C0-46F8-A5D1-DCDC24FCA4DF}.Release|x64.Build.0 = Release|Any CPU
		{72117576-51C0-46F8-A5D1-DCDC24FCA4DF}.Release|x86.ActiveCfg = Release|Any CPU
		{72117576-51C0-46F8-A5D1-DCDC24FCA4DF}.Release|x86.Build.0 = Release|Any CPU
		{41A71B3A-8C16-4C8D-A67C-2682D1DD081E}.Debug|Any CPU.ActiveCfg = Debug|Any CPU
		{41A71B3A-8C16-4C8D-A67C-2682D1DD081E}.Debug|Any CPU.Build.0 = Debug|Any CPU
		{41A71B3A-8C16-4C8D-A67C-2682D1DD081E}.Debug|x64.ActiveCfg = Debug|Any CPU
		{41A71B3A-8C16-4C8D-A67C-2682D1DD081E}.Debug|x64.Build.0 = Debug|Any CPU
		{41A71B3A-8C16-4C8D-A67C-2682D1DD081E}.Debug|x86.ActiveCfg = Debug|Any CPU
		{41A71B3A-8C16-4C8D-A67C-2682D1DD081E}.Debug|x86.Build.0 = Debug|Any CPU
		{41A71B3A-8C16-4C8D-A67C-2682D1DD081E}.Release|Any CPU.ActiveCfg = Release|Any CPU
		{41A71B3A-8C16-4C8D-A67C-2682D1DD081E}.Release|Any CPU.Build.0 = Release|Any CPU
		{41A71B3A-8C16-4C8D-A67C-2682D1DD081E}.Release|x64.ActiveCfg = Release|Any CPU
		{41A71B3A-8C16-4C8D-A67C-2682D1DD081E}.Release|x64.Build.0 = Release|Any CPU
		{41A71B3A-8C16-4C8D-A67C-2682D1DD081E}.Release|x86.ActiveCfg = Release|Any CPU
		{41A71B3A-8C16-4C8D-A67C-2682D1DD081E}.Release|x86.Build.0 = Release|Any CPU
		{F9D20129-5221-4E01-8459-1763F87C6E09}.Debug|Any CPU.ActiveCfg = Debug|Any CPU
		{F9D20129-5221-4E01-8459-1763F87C6E09}.Debug|Any CPU.Build.0 = Debug|Any CPU
		{F9D20129-5221-4E01-8459-1763F87C6E09}.Debug|x64.ActiveCfg = Debug|Any CPU
		{F9D20129-5221-4E01-8459-1763F87C6E09}.Debug|x64.Build.0 = Debug|Any CPU
		{F9D20129-5221-4E01-8459-1763F87C6E09}.Debug|x86.ActiveCfg = Debug|Any CPU
		{F9D20129-5221-4E01-8459-1763F87C6E09}.Debug|x86.Build.0 = Debug|Any CPU
		{F9D20129-5221-4E01-8459-1763F87C6E09}.Release|Any CPU.ActiveCfg = Release|Any CPU
		{F9D20129-5221-4E01-8459-1763F87C6E09}.Release|Any CPU.Build.0 = Release|Any CPU
		{F9D20129-5221-4E01-8459-1763F87C6E09}.Release|x64.ActiveCfg = Release|Any CPU
		{F9D20129-5221-4E01-8459-1763F87C6E09}.Release|x64.Build.0 = Release|Any CPU
		{F9D20129-5221-4E01-8459-1763F87C6E09}.Release|x86.ActiveCfg = Release|Any CPU
		{F9D20129-5221-4E01-8459-1763F87C6E09}.Release|x86.Build.0 = Release|Any CPU
		{E3E65521-76CE-4012-A964-D4FE464BAAE4}.Debug|Any CPU.ActiveCfg = Debug|Any CPU
		{E3E65521-76CE-4012-A964-D4FE464BAAE4}.Debug|Any CPU.Build.0 = Debug|Any CPU
		{E3E65521-76CE-4012-A964-D4FE464BAAE4}.Debug|x64.ActiveCfg = Debug|Any CPU
		{E3E65521-76CE-4012-A964-D4FE464BAAE4}.Debug|x64.Build.0 = Debug|Any CPU
		{E3E65521-76CE-4012-A964-D4FE464BAAE4}.Debug|x86.ActiveCfg = Debug|Any CPU
		{E3E65521-76CE-4012-A964-D4FE464BAAE4}.Debug|x86.Build.0 = Debug|Any CPU
		{E3E65521-76CE-4012-A964-D4FE464BAAE4}.Release|Any CPU.ActiveCfg = Release|Any CPU
		{E3E65521-76CE-4012-A964-D4FE464BAAE4}.Release|Any CPU.Build.0 = Release|Any CPU
		{E3E65521-76CE-4012-A964-D4FE464BAAE4}.Release|x64.ActiveCfg = Release|Any CPU
		{E3E65521-76CE-4012-A964-D4FE464BAAE4}.Release|x64.Build.0 = Release|Any CPU
		{E3E65521-76CE-4012-A964-D4FE464BAAE4}.Release|x86.ActiveCfg = Release|Any CPU
		{E3E65521-76CE-4012-A964-D4FE464BAAE4}.Release|x86.Build.0 = Release|Any CPU
		{1464B810-BE28-446F-8B23-5BAC27CD9EEA}.Debug|Any CPU.ActiveCfg = Debug|Any CPU
		{1464B810-BE28-446F-8B23-5BAC27CD9EEA}.Debug|Any CPU.Build.0 = Debug|Any CPU
		{1464B810-BE28-446F-8B23-5BAC27CD9EEA}.Debug|x64.ActiveCfg = Debug|Any CPU
		{1464B810-BE28-446F-8B23-5BAC27CD9EEA}.Debug|x64.Build.0 = Debug|Any CPU
		{1464B810-BE28-446F-8B23-5BAC27CD9EEA}.Debug|x86.ActiveCfg = Debug|Any CPU
		{1464B810-BE28-446F-8B23-5BAC27CD9EEA}.Debug|x86.Build.0 = Debug|Any CPU
		{1464B810-BE28-446F-8B23-5BAC27CD9EEA}.Release|Any CPU.ActiveCfg = Release|Any CPU
		{1464B810-BE28-446F-8B23-5BAC27CD9EEA}.Release|Any CPU.Build.0 = Release|Any CPU
		{1464B810-BE28-446F-8B23-5BAC27CD9EEA}.Release|x64.ActiveCfg = Release|Any CPU
		{1464B810-BE28-446F-8B23-5BAC27CD9EEA}.Release|x64.Build.0 = Release|Any CPU
		{1464B810-BE28-446F-8B23-5BAC27CD9EEA}.Release|x86.ActiveCfg = Release|Any CPU
		{1464B810-BE28-446F-8B23-5BAC27CD9EEA}.Release|x86.Build.0 = Release|Any CPU
		{2DF6F663-9812-4D88-B554-6BCD5E2960D4}.Debug|Any CPU.ActiveCfg = Debug|Any CPU
		{2DF6F663-9812-4D88-B554-6BCD5E2960D4}.Debug|Any CPU.Build.0 = Debug|Any CPU
		{2DF6F663-9812-4D88-B554-6BCD5E2960D4}.Debug|x64.ActiveCfg = Debug|Any CPU
		{2DF6F663-9812-4D88-B554-6BCD5E2960D4}.Debug|x64.Build.0 = Debug|Any CPU
		{2DF6F663-9812-4D88-B554-6BCD5E2960D4}.Debug|x86.ActiveCfg = Debug|Any CPU
		{2DF6F663-9812-4D88-B554-6BCD5E2960D4}.Debug|x86.Build.0 = Debug|Any CPU
		{2DF6F663-9812-4D88-B554-6BCD5E2960D4}.Release|Any CPU.ActiveCfg = Release|Any CPU
		{2DF6F663-9812-4D88-B554-6BCD5E2960D4}.Release|Any CPU.Build.0 = Release|Any CPU
		{2DF6F663-9812-4D88-B554-6BCD5E2960D4}.Release|x64.ActiveCfg = Release|Any CPU
		{2DF6F663-9812-4D88-B554-6BCD5E2960D4}.Release|x64.Build.0 = Release|Any CPU
		{2DF6F663-9812-4D88-B554-6BCD5E2960D4}.Release|x86.ActiveCfg = Release|Any CPU
		{2DF6F663-9812-4D88-B554-6BCD5E2960D4}.Release|x86.Build.0 = Release|Any CPU
		{F2D54E87-52F8-4F03-BB82-71EF1098CBF4}.Debug|Any CPU.ActiveCfg = Debug|Any CPU
		{F2D54E87-52F8-4F03-BB82-71EF1098CBF4}.Debug|Any CPU.Build.0 = Debug|Any CPU
		{F2D54E87-52F8-4F03-BB82-71EF1098CBF4}.Debug|x64.ActiveCfg = Debug|Any CPU
		{F2D54E87-52F8-4F03-BB82-71EF1098CBF4}.Debug|x64.Build.0 = Debug|Any CPU
		{F2D54E87-52F8-4F03-BB82-71EF1098CBF4}.Debug|x86.ActiveCfg = Debug|Any CPU
		{F2D54E87-52F8-4F03-BB82-71EF1098CBF4}.Debug|x86.Build.0 = Debug|Any CPU
		{F2D54E87-52F8-4F03-BB82-71EF1098CBF4}.Release|Any CPU.ActiveCfg = Release|Any CPU
		{F2D54E87-52F8-4F03-BB82-71EF1098CBF4}.Release|Any CPU.Build.0 = Release|Any CPU
		{F2D54E87-52F8-4F03-BB82-71EF1098CBF4}.Release|x64.ActiveCfg = Release|Any CPU
		{F2D54E87-52F8-4F03-BB82-71EF1098CBF4}.Release|x64.Build.0 = Release|Any CPU
		{F2D54E87-52F8-4F03-BB82-71EF1098CBF4}.Release|x86.ActiveCfg = Release|Any CPU
		{F2D54E87-52F8-4F03-BB82-71EF1098CBF4}.Release|x86.Build.0 = Release|Any CPU
		{D58CC77D-1CF2-4AA0-A88D-5CF0B55D9BF3}.Debug|Any CPU.ActiveCfg = Debug|Any CPU
		{D58CC77D-1CF2-4AA0-A88D-5CF0B55D9BF3}.Debug|Any CPU.Build.0 = Debug|Any CPU
		{D58CC77D-1CF2-4AA0-A88D-5CF0B55D9BF3}.Debug|x64.ActiveCfg = Debug|Any CPU
		{D58CC77D-1CF2-4AA0-A88D-5CF0B55D9BF3}.Debug|x64.Build.0 = Debug|Any CPU
		{D58CC77D-1CF2-4AA0-A88D-5CF0B55D9BF3}.Debug|x86.ActiveCfg = Debug|Any CPU
		{D58CC77D-1CF2-4AA0-A88D-5CF0B55D9BF3}.Debug|x86.Build.0 = Debug|Any CPU
		{D58CC77D-1CF2-4AA0-A88D-5CF0B55D9BF3}.Release|Any CPU.ActiveCfg = Release|Any CPU
		{D58CC77D-1CF2-4AA0-A88D-5CF0B55D9BF3}.Release|Any CPU.Build.0 = Release|Any CPU
		{D58CC77D-1CF2-4AA0-A88D-5CF0B55D9BF3}.Release|x64.ActiveCfg = Release|Any CPU
		{D58CC77D-1CF2-4AA0-A88D-5CF0B55D9BF3}.Release|x64.Build.0 = Release|Any CPU
		{D58CC77D-1CF2-4AA0-A88D-5CF0B55D9BF3}.Release|x86.ActiveCfg = Release|Any CPU
		{D58CC77D-1CF2-4AA0-A88D-5CF0B55D9BF3}.Release|x86.Build.0 = Release|Any CPU
		{1231E284-42AE-404F-B51E-5048184F17C8}.Debug|Any CPU.ActiveCfg = Debug|Any CPU
		{1231E284-42AE-404F-B51E-5048184F17C8}.Debug|Any CPU.Build.0 = Debug|Any CPU
		{1231E284-42AE-404F-B51E-5048184F17C8}.Debug|x64.ActiveCfg = Debug|Any CPU
		{1231E284-42AE-404F-B51E-5048184F17C8}.Debug|x64.Build.0 = Debug|Any CPU
		{1231E284-42AE-404F-B51E-5048184F17C8}.Debug|x86.ActiveCfg = Debug|Any CPU
		{1231E284-42AE-404F-B51E-5048184F17C8}.Debug|x86.Build.0 = Debug|Any CPU
		{1231E284-42AE-404F-B51E-5048184F17C8}.Release|Any CPU.ActiveCfg = Release|Any CPU
		{1231E284-42AE-404F-B51E-5048184F17C8}.Release|Any CPU.Build.0 = Release|Any CPU
		{1231E284-42AE-404F-B51E-5048184F17C8}.Release|x64.ActiveCfg = Release|Any CPU
		{1231E284-42AE-404F-B51E-5048184F17C8}.Release|x64.Build.0 = Release|Any CPU
		{1231E284-42AE-404F-B51E-5048184F17C8}.Release|x86.ActiveCfg = Release|Any CPU
		{1231E284-42AE-404F-B51E-5048184F17C8}.Release|x86.Build.0 = Release|Any CPU
		{52651004-9297-4B86-ADD1-6E4E856CC394}.Debug|Any CPU.ActiveCfg = Debug|Any CPU
		{52651004-9297-4B86-ADD1-6E4E856CC394}.Debug|Any CPU.Build.0 = Debug|Any CPU
		{52651004-9297-4B86-ADD1-6E4E856CC394}.Debug|x64.ActiveCfg = Debug|Any CPU
		{52651004-9297-4B86-ADD1-6E4E856CC394}.Debug|x64.Build.0 = Debug|Any CPU
		{52651004-9297-4B86-ADD1-6E4E856CC394}.Debug|x86.ActiveCfg = Debug|Any CPU
		{52651004-9297-4B86-ADD1-6E4E856CC394}.Debug|x86.Build.0 = Debug|Any CPU
		{52651004-9297-4B86-ADD1-6E4E856CC394}.Release|Any CPU.ActiveCfg = Release|Any CPU
		{52651004-9297-4B86-ADD1-6E4E856CC394}.Release|Any CPU.Build.0 = Release|Any CPU
		{52651004-9297-4B86-ADD1-6E4E856CC394}.Release|x64.ActiveCfg = Release|Any CPU
		{52651004-9297-4B86-ADD1-6E4E856CC394}.Release|x64.Build.0 = Release|Any CPU
		{52651004-9297-4B86-ADD1-6E4E856CC394}.Release|x86.ActiveCfg = Release|Any CPU
		{52651004-9297-4B86-ADD1-6E4E856CC394}.Release|x86.Build.0 = Release|Any CPU
	EndGlobalSection
EndGlobal
