
Microsoft Visual Studio Solution File, Format Version 12.00
# Visual Studio 15
VisualStudioVersion = 15.0.26124.0
MinimumVisualStudioVersion = 15.0.26124.0
Project("{FAE04EC0-301F-11D3-BF4B-00C04F79EFBC}") = "Ackerman", "Ackerman\Ackerman.csproj", "{A155C9D7-ECAA-42FF-A066-3C496BAF9742}"
EndProject
Project("{FAE04EC0-301F-11D3-BF4B-00C04F79EFBC}") = "Ackerman.Test", "Ackerman.Test\Ackerman.Test.csproj", "{72117576-51C0-46F8-A5D1-DCDC24FCA4DF}"
EndProject
Project("{FAE04EC0-301F-11D3-BF4B-00C04F79EFBC}") = "AlgorithmRunner", "AlgorithmRunner\AlgorithmRunner.csproj", "{41A71B3A-8C16-4C8D-A67C-2682D1DD081E}"
EndProject
Project("{FAE04EC0-301F-11D3-BF4B-00C04F79EFBC}") = "Fibonacci", "Fibonacci\Fibonacci.csproj", "{F9D20129-5221-4E01-8459-1763F87C6E09}"
EndProject
Project("{FAE04EC0-301F-11D3-BF4B-00C04F79EFBC}") = "Fibonacci.Test", "Fibonacci.Test\Fibonacci.Test.csproj", "{E3E65521-76CE-4012-A964-D4FE464BAAE4}"
EndProject
Project("{FAE04EC0-301F-11D3-BF4B-00C04F79EFBC}") = "InsertionSort", "InsertionSort\InsertionSort.csproj", "{FED2196C-D6C6-422F-9EBD-C020A1A25CE0}"
EndProject
Project("{FAE04EC0-301F-11D3-BF4B-00C04F79EFBC}") = "InsertionSort.Test", "InsertionSort.Test\InsertionSort.Test.csproj", "{2E6A5DFA-767D-4314-A0A2-2776A191B2E2}"
EndProject
Global
	GlobalSection(SolutionConfigurationPlatforms) = preSolution
		Debug|Any CPU = Debug|Any CPU
		Debug|x64 = Debug|x64
		Debug|x86 = Debug|x86
		Release|Any CPU = Release|Any CPU
		Release|x64 = Release|x64
		Release|x86 = Release|x86
	EndGlobalSection
	GlobalSection(SolutionProperties) = preSolution
		HideSolutionNode = FALSE
	EndGlobalSection
	GlobalSection(ProjectConfigurationPlatforms) = postSolution
		{A155C9D7-ECAA-42FF-A066-3C496BAF9742}.Debug|Any CPU.ActiveCfg = Debug|Any CPU
		{A155C9D7-ECAA-42FF-A066-3C496BAF9742}.Debug|Any CPU.Build.0 = Debug|Any CPU
		{A155C9D7-ECAA-42FF-A066-3C496BAF9742}.Debug|x64.ActiveCfg = Debug|Any CPU
		{A155C9D7-ECAA-42FF-A066-3C496BAF9742}.Debug|x64.Build.0 = Debug|Any CPU
		{A155C9D7-ECAA-42FF-A066-3C496BAF9742}.Debug|x86.ActiveCfg = Debug|Any CPU
		{A155C9D7-ECAA-42FF-A066-3C496BAF9742}.Debug|x86.Build.0 = Debug|Any CPU
		{A155C9D7-ECAA-42FF-A066-3C496BAF9742}.Release|Any CPU.ActiveCfg = Release|Any CPU
		{A155C9D7-ECAA-42FF-A066-3C496BAF9742}.Release|Any CPU.Build.0 = Release|Any CPU
		{A155C9D7-ECAA-42FF-A066-3C496BAF9742}.Release|x64.ActiveCfg = Release|Any CPU
		{A155C9D7-ECAA-42FF-A066-3C496BAF9742}.Release|x64.Build.0 = Release|Any CPU
		{A155C9D7-ECAA-42FF-A066-3C496BAF9742}.Release|x86.ActiveCfg = Release|Any CPU
		{A155C9D7-ECAA-42FF-A066-3C496BAF9742}.Release|x86.Build.0 = Release|Any CPU
		{72117576-51C0-46F8-A5D1-DCDC24FCA4DF}.Debug|Any CPU.ActiveCfg = Debug|Any CPU
		{72117576-51C0-46F8-A5D1-DCDC24FCA4DF}.Debug|Any CPU.Build.0 = Debug|Any CPU
		{72117576-51C0-46F8-A5D1-DCDC24FCA4DF}.Debug|x64.ActiveCfg = Debug|Any CPU
		{72117576-51C0-46F8-A5D1-DCDC24FCA4DF}.Debug|x64.Build.0 = Debug|Any CPU
		{72117576-51C0-46F8-A5D1-DCDC24FCA4DF}.Debug|x86.ActiveCfg = Debug|Any CPU
		{72117576-51C0-46F8-A5D1-DCDC24FCA4DF}.Debug|x86.Build.0 = Debug|Any CPU
		{72117576-51C0-46F8-A5D1-DCDC24FCA4DF}.Release|Any CPU.ActiveCfg = Release|Any CPU
		{72117576-51C0-46F8-A5D1-DCDC24FCA4DF}.Release|Any CPU.Build.0 = Release|Any CPU
		{72117576-51C0-46F8-A5D1-DCDC24FCA4DF}.Release|x64.ActiveCfg = Release|Any CPU
		{72117576-51C0-46F8-A5D1-DCDC24FCA4DF}.Release|x64.Build.0 = Release|Any CPU
		{72117576-51C0-46F8-A5D1-DCDC24FCA4DF}.Release|x86.ActiveCfg = Release|Any CPU
		{72117576-51C0-46F8-A5D1-DCDC24FCA4DF}.Release|x86.Build.0 = Release|Any CPU
		{41A71B3A-8C16-4C8D-A67C-2682D1DD081E}.Debug|Any CPU.ActiveCfg = Debug|Any CPU
		{41A71B3A-8C16-4C8D-A67C-2682D1DD081E}.Debug|Any CPU.Build.0 = Debug|Any CPU
		{41A71B3A-8C16-4C8D-A67C-2682D1DD081E}.Debug|x64.ActiveCfg = Debug|Any CPU
		{41A71B3A-8C16-4C8D-A67C-2682D1DD081E}.Debug|x64.Build.0 = Debug|Any CPU
		{41A71B3A-8C16-4C8D-A67C-2682D1DD081E}.Debug|x86.ActiveCfg = Debug|Any CPU
		{41A71B3A-8C16-4C8D-A67C-2682D1DD081E}.Debug|x86.Build.0 = Debug|Any CPU
		{41A71B3A-8C16-4C8D-A67C-2682D1DD081E}.Release|Any CPU.ActiveCfg = Release|Any CPU
		{41A71B3A-8C16-4C8D-A67C-2682D1DD081E}.Release|Any CPU.Build.0 = Release|Any CPU
		{41A71B3A-8C16-4C8D-A67C-2682D1DD081E}.Release|x64.ActiveCfg = Release|Any CPU
		{41A71B3A-8C16-4C8D-A67C-2682D1DD081E}.Release|x64.Build.0 = Release|Any CPU
		{41A71B3A-8C16-4C8D-A67C-2682D1DD081E}.Release|x86.ActiveCfg = Release|Any CPU
		{41A71B3A-8C16-4C8D-A67C-2682D1DD081E}.Release|x86.Build.0 = Release|Any CPU
		{F9D20129-5221-4E01-8459-1763F87C6E09}.Debug|Any CPU.ActiveCfg = Debug|Any CPU
		{F9D20129-5221-4E01-8459-1763F87C6E09}.Debug|Any CPU.Build.0 = Debug|Any CPU
		{F9D20129-5221-4E01-8459-1763F87C6E09}.Debug|x64.ActiveCfg = Debug|Any CPU
		{F9D20129-5221-4E01-8459-1763F87C6E09}.Debug|x64.Build.0 = Debug|Any CPU
		{F9D20129-5221-4E01-8459-1763F87C6E09}.Debug|x86.ActiveCfg = Debug|Any CPU
		{F9D20129-5221-4E01-8459-1763F87C6E09}.Debug|x86.Build.0 = Debug|Any CPU
		{F9D20129-5221-4E01-8459-1763F87C6E09}.Release|Any CPU.ActiveCfg = Release|Any CPU
		{F9D20129-5221-4E01-8459-1763F87C6E09}.Release|Any CPU.Build.0 = Release|Any CPU
		{F9D20129-5221-4E01-8459-1763F87C6E09}.Release|x64.ActiveCfg = Release|Any CPU
		{F9D20129-5221-4E01-8459-1763F87C6E09}.Release|x64.Build.0 = Release|Any CPU
		{F9D20129-5221-4E01-8459-1763F87C6E09}.Release|x86.ActiveCfg = Release|Any CPU
		{F9D20129-5221-4E01-8459-1763F87C6E09}.Release|x86.Build.0 = Release|Any CPU
		{E3E65521-76CE-4012-A964-D4FE464BAAE4}.Debug|Any CPU.ActiveCfg = Debug|Any CPU
		{E3E65521-76CE-4012-A964-D4FE464BAAE4}.Debug|Any CPU.Build.0 = Debug|Any CPU
		{E3E65521-76CE-4012-A964-D4FE464BAAE4}.Debug|x64.ActiveCfg = Debug|Any CPU
		{E3E65521-76CE-4012-A964-D4FE464BAAE4}.Debug|x64.Build.0 = Debug|Any CPU
		{E3E65521-76CE-4012-A964-D4FE464BAAE4}.Debug|x86.ActiveCfg = Debug|Any CPU
		{E3E65521-76CE-4012-A964-D4FE464BAAE4}.Debug|x86.Build.0 = Debug|Any CPU
		{E3E65521-76CE-4012-A964-D4FE464BAAE4}.Release|Any CPU.ActiveCfg = Release|Any CPU
		{E3E65521-76CE-4012-A964-D4FE464BAAE4}.Release|Any CPU.Build.0 = Release|Any CPU
		{E3E65521-76CE-4012-A964-D4FE464BAAE4}.Release|x64.ActiveCfg = Release|Any CPU
		{E3E65521-76CE-4012-A964-D4FE464BAAE4}.Release|x64.Build.0 = Release|Any CPU
		{E3E65521-76CE-4012-A964-D4FE464BAAE4}.Release|x86.ActiveCfg = Release|Any CPU
		{E3E65521-76CE-4012-A964-D4FE464BAAE4}.Release|x86.Build.0 = Release|Any CPU
		{FED2196C-D6C6-422F-9EBD-C020A1A25CE0}.Debug|Any CPU.ActiveCfg = Debug|Any CPU
		{FED2196C-D6C6-422F-9EBD-C020A1A25CE0}.Debug|Any CPU.Build.0 = Debug|Any CPU
		{FED2196C-D6C6-422F-9EBD-C020A1A25CE0}.Debug|x64.ActiveCfg = Debug|Any CPU
		{FED2196C-D6C6-422F-9EBD-C020A1A25CE0}.Debug|x64.Build.0 = Debug|Any CPU
		{FED2196C-D6C6-422F-9EBD-C020A1A25CE0}.Debug|x86.ActiveCfg = Debug|Any CPU
		{FED2196C-D6C6-422F-9EBD-C020A1A25CE0}.Debug|x86.Build.0 = Debug|Any CPU
		{FED2196C-D6C6-422F-9EBD-C020A1A25CE0}.Release|Any CPU.ActiveCfg = Release|Any CPU
		{FED2196C-D6C6-422F-9EBD-C020A1A25CE0}.Release|Any CPU.Build.0 = Release|Any CPU
		{FED2196C-D6C6-422F-9EBD-C020A1A25CE0}.Release|x64.ActiveCfg = Release|Any CPU
		{FED2196C-D6C6-422F-9EBD-C020A1A25CE0}.Release|x64.Build.0 = Release|Any CPU
		{FED2196C-D6C6-422F-9EBD-C020A1A25CE0}.Release|x86.ActiveCfg = Release|Any CPU
		{FED2196C-D6C6-422F-9EBD-C020A1A25CE0}.Release|x86.Build.0 = Release|Any CPU
		{2E6A5DFA-767D-4314-A0A2-2776A191B2E2}.Debug|Any CPU.ActiveCfg = Debug|Any CPU
		{2E6A5DFA-767D-4314-A0A2-2776A191B2E2}.Debug|Any CPU.Build.0 = Debug|Any CPU
		{2E6A5DFA-767D-4314-A0A2-2776A191B2E2}.Debug|x64.ActiveCfg = Debug|Any CPU
		{2E6A5DFA-767D-4314-A0A2-2776A191B2E2}.Debug|x64.Build.0 = Debug|Any CPU
		{2E6A5DFA-767D-4314-A0A2-2776A191B2E2}.Debug|x86.ActiveCfg = Debug|Any CPU
		{2E6A5DFA-767D-4314-A0A2-2776A191B2E2}.Debug|x86.Build.0 = Debug|Any CPU
		{2E6A5DFA-767D-4314-A0A2-2776A191B2E2}.Release|Any CPU.ActiveCfg = Release|Any CPU
		{2E6A5DFA-767D-4314-A0A2-2776A191B2E2}.Release|Any CPU.Build.0 = Release|Any CPU
		{2E6A5DFA-767D-4314-A0A2-2776A191B2E2}.Release|x64.ActiveCfg = Release|Any CPU
		{2E6A5DFA-767D-4314-A0A2-2776A191B2E2}.Release|x64.Build.0 = Release|Any CPU
		{2E6A5DFA-767D-4314-A0A2-2776A191B2E2}.Release|x86.ActiveCfg = Release|Any CPU
		{2E6A5DFA-767D-4314-A0A2-2776A191B2E2}.Release|x86.Build.0 = Release|Any CPU
	EndGlobalSection
EndGlobal
